{
  "name": "TIF22A_AnwProjekt_B",
  "lockfileVersion": 3,
  "requires": true,
  "packages": {
    "": {
      "dependencies": {
        "feiertagejs": "^1.3.9"
      }
    },
    "node_modules/feiertagejs": {
      "version": "1.3.9",
      "resolved": "https://registry.npmjs.org/feiertagejs/-/feiertagejs-1.3.9.tgz",
      "integrity": "sha512-tUP+WBv2OWBhPwe3NfqwCtjMq+ym598a42tfqmL0FySswEb9xs96p2iKwqqx+lxKieu1njJBRZKsFm92bJhxZw==",
      "engines": {
        "node": ">=8.0.0"
      }
    }
  }
}
